
Microsoft Visual Studio Solution File, Format Version 12.00
# Visual Studio Version 17
VisualStudioVersion = 17.8.34330.188
MinimumVisualStudioVersion = 10.0.40219.1
Project("{FAE04EC0-301F-11D3-BF4B-00C04F79EFBC}") = "DeleteTweets", "DeleteTweets\DeleteTweets.csproj", "{3BACF426-00D4-425E-A3C7-95F582259387}"
EndProject
Global
	GlobalSection(SolutionConfigurationPlatforms) = preSolution
		Debug|Any CPU = Debug|Any CPU
		Release|Any CPU = Release|Any CPU
	EndGlobalSection
	GlobalSection(ProjectConfigurationPlatforms) = postSolution
		{3BACF426-00D4-425E-A3C7-95F582259387}.Debug|Any CPU.ActiveCfg = Debug|Any CPU
		{3BACF426-00D4-425E-A3C7-95F582259387}.Debug|Any CPU.Build.0 = Debug|Any CPU
		{3BACF426-00D4-425E-A3C7-95F582259387}.Release|Any CPU.ActiveCfg = Release|Any CPU
		{3BACF426-00D4-425E-A3C7-95F582259387}.Release|Any CPU.Build.0 = Release|Any CPU
	EndGlobalSection
	GlobalSection(SolutionProperties) = preSolution
		HideSolutionNode = FALSE
	EndGlobalSection
	GlobalSection(ExtensibilityGlobals) = postSolution
		SolutionGuid = {1D61F016-A638-481D-B35D-5E4C30DDCB35}
	EndGlobalSection
EndGlobal
